
Microsoft Visual Studio Solution File, Format Version 12.00
# Visual Studio 15
Project("{FAE04EC0-301F-11D3-BF4B-00C04F79EFBC}") = "Assembly-CSharp", "Assembly-CSharp.csproj", "{81282353-43B5-6B40-430C-A972BB7B1C36}"
EndProject
Project("{FAE04EC0-301F-11D3-BF4B-00C04F79EFBC}") = "Assembly-CSharp-Editor", "Assembly-CSharp-Editor.csproj", "{72D47A22-5865-0DFF-CFAE-D9C7BECEDD15}"
EndProject
Global
	GlobalSection(SolutionConfigurationPlatforms) = preSolution
		Debug|Any CPU = Debug|Any CPU
		Release|Any CPU = Release|Any CPU
	EndGlobalSection
	GlobalSection(ProjectConfigurationPlatforms) = postSolution
		{81282353-43B5-6B40-430C-A972BB7B1C36}.Debug|Any CPU.ActiveCfg = Debug|Any CPU
		{81282353-43B5-6B40-430C-A972BB7B1C36}.Debug|Any CPU.Build.0 = Debug|Any CPU
		{81282353-43B5-6B40-430C-A972BB7B1C36}.Release|Any CPU.ActiveCfg = Release|Any CPU
		{81282353-43B5-6B40-430C-A972BB7B1C36}.Release|Any CPU.Build.0 = Release|Any CPU
		{72D47A22-5865-0DFF-CFAE-D9C7BECEDD15}.Debug|Any CPU.ActiveCfg = Debug|Any CPU
		{72D47A22-5865-0DFF-CFAE-D9C7BECEDD15}.Debug|Any CPU.Build.0 = Debug|Any CPU
		{72D47A22-5865-0DFF-CFAE-D9C7BECEDD15}.Release|Any CPU.ActiveCfg = Release|Any CPU
		{72D47A22-5865-0DFF-CFAE-D9C7BECEDD15}.Release|Any CPU.Build.0 = Release|Any CPU
	EndGlobalSection
	GlobalSection(SolutionProperties) = preSolution
		HideSolutionNode = FALSE
	EndGlobalSection
EndGlobal
